
Microsoft Visual Studio Solution File, Format Version 12.00
# Visual Studio Version 17
VisualStudioVersion = 17.7.34031.279
MinimumVisualStudioVersion = 10.0.40219.1
Project("{888888A0-9F3D-457C-B088-3A5042F75D52}") = "Thesis - Dan Kazaz", "Thesis - Dan Kazaz\Thesis - Dan Kazaz.pyproj", "{133A3AFF-1377-42D4-A521-FA051FC5F1F4}"
EndProject
Global
	GlobalSection(SolutionConfigurationPlatforms) = preSolution
		Debug|Any CPU = Debug|Any CPU
		Release|Any CPU = Release|Any CPU
	EndGlobalSection
	GlobalSection(ProjectConfigurationPlatforms) = postSolution
		{133A3AFF-1377-42D4-A521-FA051FC5F1F4}.Debug|Any CPU.ActiveCfg = Debug|Any CPU
		{133A3AFF-1377-42D4-A521-FA051FC5F1F4}.Release|Any CPU.ActiveCfg = Release|Any CPU
	EndGlobalSection
	GlobalSection(SolutionProperties) = preSolution
		HideSolutionNode = FALSE
	EndGlobalSection
	GlobalSection(ExtensibilityGlobals) = postSolution
		SolutionGuid = {53544930-CB11-4208-B219-06F57B2D5553}
	EndGlobalSection
EndGlobal
